<?xml version="1.0" encoding="utf-8"?>
<Project ToolsVersion="12.0" xmlns="http://schemas.microsoft.com/developer/msbuild/2003">
  <ItemGroup>
    <CustomBuild Include="D:\MyProgramme\OpenGL\glfw-3.2.1\CMakeFiles\0d06d5f7606fcf9b333f1a09b461c30c\INSTALL_force.rule">
      <Filter>CMake Rules</Filter>
    </CustomBuild>
  </ItemGroup>
  <ItemGroup>
    <Filter Include="CMake Rules">
      <UniqueIdentifier>{441AB7B8-4493-3B0E-B05C-20C00EBBE148}</UniqueIdentifier>
    </Filter>
  </ItemGroup>
</Project>
