Microsoft Visual Studio Solution File, Format Version 12.00
# Visual Studio 2013
Project("{2150E333-8FDC-42A3-9474-1A3956D46DE8}") = "CMakePredefinedTargets", "CMakePredefinedTargets", "{3CAF0871-E8F2-35D5-9E11-0044F79D1E1B}"
EndProject
Project("{2150E333-8FDC-42A3-9474-1A3956D46DE8}") = "GLFW3", "GLFW3", "{28300266-288B-3C62-AD8D-1D09FF8C4668}"
EndProject
Project("{2150E333-8FDC-42A3-9474-1A3956D46DE8}") = "Examples", "GLFW3\Examples", "{1724B51B-E692-31C7-B86C-86D78C8E7D8A}"
EndProject
Project("{2150E333-8FDC-42A3-9474-1A3956D46DE8}") = "Tests", "GLFW3\Tests", "{47495F3F-CE19-3994-AC01-D8B697A7D971}"
EndProject
Project("{8BC9CEB8-8B4A-11D0-8D11-00A0C91BC942}") = "ALL_BUILD", "ALL_BUILD.vcxproj", "{C1C8FC1B-14EF-3727-8120-F831BECFAAD5}"
	ProjectSection(ProjectDependencies) = postProject
		{175FE902-EBDB-345C-9A5C-90C0C5F1F488} = {175FE902-EBDB-345C-9A5C-90C0C5F1F488}
		{CAAB6409-E16B-3F6A-A6E6-A744F7172A74} = {CAAB6409-E16B-3F6A-A6E6-A744F7172A74}
		{F0DC1FB7-02D9-3D94-B7EF-6561A914CA6A} = {F0DC1FB7-02D9-3D94-B7EF-6561A914CA6A}
		{AD5D5594-F4D8-31FF-ACDA-D201281D5310} = {AD5D5594-F4D8-31FF-ACDA-D201281D5310}
		{618CC974-639E-37F1-AE6C-8E7C3BEE3F93} = {618CC974-639E-37F1-AE6C-8E7C3BEE3F93}
		{F94498E3-E65B-3DE1-BBF3-4AF4D5B5D8CC} = {F94498E3-E65B-3DE1-BBF3-4AF4D5B5D8CC}
		{29867308-34D9-3885-A88E-81C627AD147F} = {29867308-34D9-3885-A88E-81C627AD147F}
		{38495217-07D9-331F-96E3-D77F90A3DE71} = {38495217-07D9-331F-96E3-D77F90A3DE71}
		{9D4D3C97-1FD3-33CD-959B-0481659481EE} = {9D4D3C97-1FD3-33CD-959B-0481659481EE}
		{85291366-EAFF-3979-91AD-25E0FAE9C9CE} = {85291366-EAFF-3979-91AD-25E0FAE9C9CE}
		{BD43954D-B85F-3F2D-B6D2-2241DC9B3B17} = {BD43954D-B85F-3F2D-B6D2-2241DC9B3B17}
		{A8AAC579-9987-3C11-ACEF-137C3A0164E4} = {A8AAC579-9987-3C11-ACEF-137C3A0164E4}
		{97A125E7-1A60-3688-B653-F84F1AA605B7} = {97A125E7-1A60-3688-B653-F84F1AA605B7}
		{F451C169-9DAF-33C9-9C3F-1F5989E6BE70} = {F451C169-9DAF-33C9-9C3F-1F5989E6BE70}
		{29E939C8-CF74-3DC2-9F6D-7D407B309A90} = {29E939C8-CF74-3DC2-9F6D-7D407B309A90}
		{B4111954-A1F3-31D4-A7E9-93F3F19C8058} = {B4111954-A1F3-31D4-A7E9-93F3F19C8058}
		{417E9B58-F871-3994-9666-DF1B44036EBC} = {417E9B58-F871-3994-9666-DF1B44036EBC}
		{C4060ABE-BC1B-3B9E-B416-E7583E31B87F} = {C4060ABE-BC1B-3B9E-B416-E7583E31B87F}
		{F1E0D7EF-C886-3085-A621-6252F4D3CABC} = {F1E0D7EF-C886-3085-A621-6252F4D3CABC}
		{A78219AF-19F9-3BF0-85C5-98B877C3ECB1} = {A78219AF-19F9-3BF0-85C5-98B877C3ECB1}
		{461406C5-FBD7-34C1-9BE3-6636A6E7988C} = {461406C5-FBD7-34C1-9BE3-6636A6E7988C}
		{38136865-61B9-3CA3-8078-2D9EFA6AB033} = {38136865-61B9-3CA3-8078-2D9EFA6AB033}
		{47ED3086-CF58-3B86-BDB1-37E6A20558BD} = {47ED3086-CF58-3B86-BDB1-37E6A20558BD}
		{C3E476E3-9732-3B23-8282-1E7280882A8B} = {C3E476E3-9732-3B23-8282-1E7280882A8B}
		{AEA8F108-4935-3770-B518-C080BB04A606} = {AEA8F108-4935-3770-B518-C080BB04A606}
		{3DBE52B5-7DDF-3720-955E-BC1EB2038065} = {3DBE52B5-7DDF-3720-955E-BC1EB2038065}
		{5B77C3CE-5DE8-34F3-BC52-DD4953682D0C} = {5B77C3CE-5DE8-34F3-BC52-DD4953682D0C}
	EndProjectSection
EndProject
Project("{8BC9CEB8-8B4A-11D0-8D11-00A0C91BC942}") = "INSTALL", "INSTALL.vcxproj", "{BE790FD7-0E00-31E0-A122-F8DADDC41E9F}"
	ProjectSection(ProjectDependencies) = postProject
		{C1C8FC1B-14EF-3727-8120-F831BECFAAD5} = {C1C8FC1B-14EF-3727-8120-F831BECFAAD5}
		{175FE902-EBDB-345C-9A5C-90C0C5F1F488} = {175FE902-EBDB-345C-9A5C-90C0C5F1F488}
	EndProjectSection
EndProject
Project("{8BC9CEB8-8B4A-11D0-8D11-00A0C91BC942}") = "ZERO_CHECK", "ZERO_CHECK.vcxproj", "{175FE902-EBDB-345C-9A5C-90C0C5F1F488}"
	ProjectSection(ProjectDependencies) = postProject
	EndProjectSection
EndProject
Project("{8BC9CEB8-8B4A-11D0-8D11-00A0C91BC942}") = "boing", "examples\boing.vcxproj", "{CAAB6409-E16B-3F6A-A6E6-A744F7172A74}"
	ProjectSection(ProjectDependencies) = postProject
		{175FE902-EBDB-345C-9A5C-90C0C5F1F488} = {175FE902-EBDB-345C-9A5C-90C0C5F1F488}
		{9D4D3C97-1FD3-33CD-959B-0481659481EE} = {9D4D3C97-1FD3-33CD-959B-0481659481EE}
	EndProjectSection
EndProject
Project("{8BC9CEB8-8B4A-11D0-8D11-00A0C91BC942}") = "clipboard", "tests\clipboard.vcxproj", "{F0DC1FB7-02D9-3D94-B7EF-6561A914CA6A}"
	ProjectSection(ProjectDependencies) = postProject
		{175FE902-EBDB-345C-9A5C-90C0C5F1F488} = {175FE902-EBDB-345C-9A5C-90C0C5F1F488}
		{9D4D3C97-1FD3-33CD-959B-0481659481EE} = {9D4D3C97-1FD3-33CD-959B-0481659481EE}
	EndProjectSection
EndProject
Project("{8BC9CEB8-8B4A-11D0-8D11-00A0C91BC942}") = "cursor", "tests\cursor.vcxproj", "{AD5D5594-F4D8-31FF-ACDA-D201281D5310}"
	ProjectSection(ProjectDependencies) = postProject
		{175FE902-EBDB-345C-9A5C-90C0C5F1F488} = {175FE902-EBDB-345C-9A5C-90C0C5F1F488}
		{9D4D3C97-1FD3-33CD-959B-0481659481EE} = {9D4D3C97-1FD3-33CD-959B-0481659481EE}
	EndProjectSection
EndProject
Project("{8BC9CEB8-8B4A-11D0-8D11-00A0C91BC942}") = "empty", "tests\empty.vcxproj", "{618CC974-639E-37F1-AE6C-8E7C3BEE3F93}"
	ProjectSection(ProjectDependencies) = postProject
		{175FE902-EBDB-345C-9A5C-90C0C5F1F488} = {175FE902-EBDB-345C-9A5C-90C0C5F1F488}
		{9D4D3C97-1FD3-33CD-959B-0481659481EE} = {9D4D3C97-1FD3-33CD-959B-0481659481EE}
	EndProjectSection
EndProject
Project("{8BC9CEB8-8B4A-11D0-8D11-00A0C91BC942}") = "events", "tests\events.vcxproj", "{F94498E3-E65B-3DE1-BBF3-4AF4D5B5D8CC}"
	ProjectSection(ProjectDependencies) = postProject
		{175FE902-EBDB-345C-9A5C-90C0C5F1F488} = {175FE902-EBDB-345C-9A5C-90C0C5F1F488}
		{9D4D3C97-1FD3-33CD-959B-0481659481EE} = {9D4D3C97-1FD3-33CD-959B-0481659481EE}
	EndProjectSection
EndProject
Project("{8BC9CEB8-8B4A-11D0-8D11-00A0C91BC942}") = "gamma", "tests\gamma.vcxproj", "{29867308-34D9-3885-A88E-81C627AD147F}"
	ProjectSection(ProjectDependencies) = postProject
		{175FE902-EBDB-345C-9A5C-90C0C5F1F488} = {175FE902-EBDB-345C-9A5C-90C0C5F1F488}
		{9D4D3C97-1FD3-33CD-959B-0481659481EE} = {9D4D3C97-1FD3-33CD-959B-0481659481EE}
	EndProjectSection
EndProject
Project("{8BC9CEB8-8B4A-11D0-8D11-00A0C91BC942}") = "gears", "examples\gears.vcxproj", "{38495217-07D9-331F-96E3-D77F90A3DE71}"
	ProjectSection(ProjectDependencies) = postProject
		{175FE902-EBDB-345C-9A5C-90C0C5F1F488} = {175FE902-EBDB-345C-9A5C-90C0C5F1F488}
		{9D4D3C97-1FD3-33CD-959B-0481659481EE} = {9D4D3C97-1FD3-33CD-959B-0481659481EE}
	EndProjectSection
EndProject
Project("{8BC9CEB8-8B4A-11D0-8D11-00A0C91BC942}") = "glfw", "src\glfw.vcxproj", "{9D4D3C97-1FD3-33CD-959B-0481659481EE}"
	ProjectSection(ProjectDependencies) = postProject
		{175FE902-EBDB-345C-9A5C-90C0C5F1F488} = {175FE902-EBDB-345C-9A5C-90C0C5F1F488}
	EndProjectSection
EndProject
Project("{8BC9CEB8-8B4A-11D0-8D11-00A0C91BC942}") = "glfwinfo", "tests\glfwinfo.vcxproj", "{85291366-EAFF-3979-91AD-25E0FAE9C9CE}"
	ProjectSection(ProjectDependencies) = postProject
		{175FE902-EBDB-345C-9A5C-90C0C5F1F488} = {175FE902-EBDB-345C-9A5C-90C0C5F1F488}
		{9D4D3C97-1FD3-33CD-959B-0481659481EE} = {9D4D3C97-1FD3-33CD-959B-0481659481EE}
	EndProjectSection
EndProject
Project("{8BC9CEB8-8B4A-11D0-8D11-00A0C91BC942}") = "heightmap", "examples\heightmap.vcxproj", "{BD43954D-B85F-3F2D-B6D2-2241DC9B3B17}"
	ProjectSection(ProjectDependencies) = postProject
		{175FE902-EBDB-345C-9A5C-90C0C5F1F488} = {175FE902-EBDB-345C-9A5C-90C0C5F1F488}
		{9D4D3C97-1FD3-33CD-959B-0481659481EE} = {9D4D3C97-1FD3-33CD-959B-0481659481EE}
	EndProjectSection
EndProject
Project("{8BC9CEB8-8B4A-11D0-8D11-00A0C91BC942}") = "icon", "tests\icon.vcxproj", "{A8AAC579-9987-3C11-ACEF-137C3A0164E4}"
	ProjectSection(ProjectDependencies) = postProject
		{175FE902-EBDB-345C-9A5C-90C0C5F1F488} = {175FE902-EBDB-345C-9A5C-90C0C5F1F488}
		{9D4D3C97-1FD3-33CD-959B-0481659481EE} = {9D4D3C97-1FD3-33CD-959B-0481659481EE}
	EndProjectSection
EndProject
Project("{8BC9CEB8-8B4A-11D0-8D11-00A0C91BC942}") = "iconify", "tests\iconify.vcxproj", "{97A125E7-1A60-3688-B653-F84F1AA605B7}"
	ProjectSection(ProjectDependencies) = postProject
		{175FE902-EBDB-345C-9A5C-90C0C5F1F488} = {175FE902-EBDB-345C-9A5C-90C0C5F1F488}
		{9D4D3C97-1FD3-33CD-959B-0481659481EE} = {9D4D3C97-1FD3-33CD-959B-0481659481EE}
	EndProjectSection
EndProject
Project("{8BC9CEB8-8B4A-11D0-8D11-00A0C91BC942}") = "joysticks", "tests\joysticks.vcxproj", "{F451C169-9DAF-33C9-9C3F-1F5989E6BE70}"
	ProjectSection(ProjectDependencies) = postProject
		{175FE902-EBDB-345C-9A5C-90C0C5F1F488} = {175FE902-EBDB-345C-9A5C-90C0C5F1F488}
		{9D4D3C97-1FD3-33CD-959B-0481659481EE} = {9D4D3C97-1FD3-33CD-959B-0481659481EE}
	EndProjectSection
EndProject
Project("{8BC9CEB8-8B4A-11D0-8D11-00A0C91BC942}") = "monitors", "tests\monitors.vcxproj", "{29E939C8-CF74-3DC2-9F6D-7D407B309A90}"
	ProjectSection(ProjectDependencies) = postProject
		{175FE902-EBDB-345C-9A5C-90C0C5F1F488} = {175FE902-EBDB-345C-9A5C-90C0C5F1F488}
		{9D4D3C97-1FD3-33CD-959B-0481659481EE} = {9D4D3C97-1FD3-33CD-959B-0481659481EE}
	EndProjectSection
EndProject
Project("{8BC9CEB8-8B4A-11D0-8D11-00A0C91BC942}") = "msaa", "tests\msaa.vcxproj", "{B4111954-A1F3-31D4-A7E9-93F3F19C8058}"
	ProjectSection(ProjectDependencies) = postProject
		{175FE902-EBDB-345C-9A5C-90C0C5F1F488} = {175FE902-EBDB-345C-9A5C-90C0C5F1F488}
		{9D4D3C97-1FD3-33CD-959B-0481659481EE} = {9D4D3C97-1FD3-33CD-959B-0481659481EE}
	EndProjectSection
EndProject
Project("{8BC9CEB8-8B4A-11D0-8D11-00A0C91BC942}") = "particles", "examples\particles.vcxproj", "{417E9B58-F871-3994-9666-DF1B44036EBC}"
	ProjectSection(ProjectDependencies) = postProject
		{175FE902-EBDB-345C-9A5C-90C0C5F1F488} = {175FE902-EBDB-345C-9A5C-90C0C5F1F488}
		{9D4D3C97-1FD3-33CD-959B-0481659481EE} = {9D4D3C97-1FD3-33CD-959B-0481659481EE}
	EndProjectSection
EndProject
Project("{8BC9CEB8-8B4A-11D0-8D11-00A0C91BC942}") = "reopen", "tests\reopen.vcxproj", "{C4060ABE-BC1B-3B9E-B416-E7583E31B87F}"
	ProjectSection(ProjectDependencies) = postProject
		{175FE902-EBDB-345C-9A5C-90C0C5F1F488} = {175FE902-EBDB-345C-9A5C-90C0C5F1F488}
		{9D4D3C97-1FD3-33CD-959B-0481659481EE} = {9D4D3C97-1FD3-33CD-959B-0481659481EE}
	EndProjectSection
EndProject
Project("{8BC9CEB8-8B4A-11D0-8D11-00A0C91BC942}") = "sharing", "tests\sharing.vcxproj", "{F1E0D7EF-C886-3085-A621-6252F4D3CABC}"
	ProjectSection(ProjectDependencies) = postProject
		{175FE902-EBDB-345C-9A5C-90C0C5F1F488} = {175FE902-EBDB-345C-9A5C-90C0C5F1F488}
		{9D4D3C97-1FD3-33CD-959B-0481659481EE} = {9D4D3C97-1FD3-33CD-959B-0481659481EE}
	EndProjectSection
EndProject
Project("{8BC9CEB8-8B4A-11D0-8D11-00A0C91BC942}") = "simple", "examples\simple.vcxproj", "{A78219AF-19F9-3BF0-85C5-98B877C3ECB1}"
	ProjectSection(ProjectDependencies) = postProject
		{175FE902-EBDB-345C-9A5C-90C0C5F1F488} = {175FE902-EBDB-345C-9A5C-90C0C5F1F488}
		{9D4D3C97-1FD3-33CD-959B-0481659481EE} = {9D4D3C97-1FD3-33CD-959B-0481659481EE}
	EndProjectSection
EndProject
Project("{8BC9CEB8-8B4A-11D0-8D11-00A0C91BC942}") = "splitview", "examples\splitview.vcxproj", "{461406C5-FBD7-34C1-9BE3-6636A6E7988C}"
	ProjectSection(ProjectDependencies) = postProject
		{175FE902-EBDB-345C-9A5C-90C0C5F1F488} = {175FE902-EBDB-345C-9A5C-90C0C5F1F488}
		{9D4D3C97-1FD3-33CD-959B-0481659481EE} = {9D4D3C97-1FD3-33CD-959B-0481659481EE}
	EndProjectSection
EndProject
Project("{8BC9CEB8-8B4A-11D0-8D11-00A0C91BC942}") = "tearing", "tests\tearing.vcxproj", "{38136865-61B9-3CA3-8078-2D9EFA6AB033}"
	ProjectSection(ProjectDependencies) = postProject
		{175FE902-EBDB-345C-9A5C-90C0C5F1F488} = {175FE902-EBDB-345C-9A5C-90C0C5F1F488}
		{9D4D3C97-1FD3-33CD-959B-0481659481EE} = {9D4D3C97-1FD3-33CD-959B-0481659481EE}
	EndProjectSection
EndProject
Project("{8BC9CEB8-8B4A-11D0-8D11-00A0C91BC942}") = "threads", "tests\threads.vcxproj", "{47ED3086-CF58-3B86-BDB1-37E6A20558BD}"
	ProjectSection(ProjectDependencies) = postProject
		{175FE902-EBDB-345C-9A5C-90C0C5F1F488} = {175FE902-EBDB-345C-9A5C-90C0C5F1F488}
		{9D4D3C97-1FD3-33CD-959B-0481659481EE} = {9D4D3C97-1FD3-33CD-959B-0481659481EE}
	EndProjectSection
EndProject
Project("{8BC9CEB8-8B4A-11D0-8D11-00A0C91BC942}") = "timeout", "tests\timeout.vcxproj", "{C3E476E3-9732-3B23-8282-1E7280882A8B}"
	ProjectSection(ProjectDependencies) = postProject
		{175FE902-EBDB-345C-9A5C-90C0C5F1F488} = {175FE902-EBDB-345C-9A5C-90C0C5F1F488}
		{9D4D3C97-1FD3-33CD-959B-0481659481EE} = {9D4D3C97-1FD3-33CD-959B-0481659481EE}
	EndProjectSection
EndProject
Project("{8BC9CEB8-8B4A-11D0-8D11-00A0C91BC942}") = "title", "tests\title.vcxproj", "{AEA8F108-4935-3770-B518-C080BB04A606}"
	ProjectSection(ProjectDependencies) = postProject
		{175FE902-EBDB-345C-9A5C-90C0C5F1F488} = {175FE902-EBDB-345C-9A5C-90C0C5F1F488}
		{9D4D3C97-1FD3-33CD-959B-0481659481EE} = {9D4D3C97-1FD3-33CD-959B-0481659481EE}
	EndProjectSection
EndProject
Project("{8BC9CEB8-8B4A-11D0-8D11-00A0C91BC942}") = "uninstall", "uninstall.vcxproj", "{03F1FC9E-BE06-3FAF-8D37-19736AED2C01}"
	ProjectSection(ProjectDependencies) = postProject
		{175FE902-EBDB-345C-9A5C-90C0C5F1F488} = {175FE902-EBDB-345C-9A5C-90C0C5F1F488}
	EndProjectSection
EndProject
Project("{8BC9CEB8-8B4A-11D0-8D11-00A0C91BC942}") = "wave", "examples\wave.vcxproj", "{3DBE52B5-7DDF-3720-955E-BC1EB2038065}"
	ProjectSection(ProjectDependencies) = postProject
		{175FE902-EBDB-345C-9A5C-90C0C5F1F488} = {175FE902-EBDB-345C-9A5C-90C0C5F1F488}
		{9D4D3C97-1FD3-33CD-959B-0481659481EE} = {9D4D3C97-1FD3-33CD-959B-0481659481EE}
	EndProjectSection
EndProject
Project("{8BC9CEB8-8B4A-11D0-8D11-00A0C91BC942}") = "windows", "tests\windows.vcxproj", "{5B77C3CE-5DE8-34F3-BC52-DD4953682D0C}"
	ProjectSection(ProjectDependencies) = postProject
		{175FE902-EBDB-345C-9A5C-90C0C5F1F488} = {175FE902-EBDB-345C-9A5C-90C0C5F1F488}
		{9D4D3C97-1FD3-33CD-959B-0481659481EE} = {9D4D3C97-1FD3-33CD-959B-0481659481EE}
	EndProjectSection
EndProject
Global
	GlobalSection(SolutionConfigurationPlatforms) = preSolution
		Debug|Win32 = Debug|Win32
		Release|Win32 = Release|Win32
		MinSizeRel|Win32 = MinSizeRel|Win32
		RelWithDebInfo|Win32 = RelWithDebInfo|Win32
	EndGlobalSection
	GlobalSection(ProjectConfigurationPlatforms) = postSolution
		{C1C8FC1B-14EF-3727-8120-F831BECFAAD5}.Debug|Win32.ActiveCfg = Debug|Win32
		{C1C8FC1B-14EF-3727-8120-F831BECFAAD5}.Debug|Win32.Build.0 = Debug|Win32
		{C1C8FC1B-14EF-3727-8120-F831BECFAAD5}.Release|Win32.ActiveCfg = Release|Win32
		{C1C8FC1B-14EF-3727-8120-F831BECFAAD5}.Release|Win32.Build.0 = Release|Win32
		{C1C8FC1B-14EF-3727-8120-F831BECFAAD5}.MinSizeRel|Win32.ActiveCfg = MinSizeRel|Win32
		{C1C8FC1B-14EF-3727-8120-F831BECFAAD5}.MinSizeRel|Win32.Build.0 = MinSizeRel|Win32
		{C1C8FC1B-14EF-3727-8120-F831BECFAAD5}.RelWithDebInfo|Win32.ActiveCfg = RelWithDebInfo|Win32
		{C1C8FC1B-14EF-3727-8120-F831BECFAAD5}.RelWithDebInfo|Win32.Build.0 = RelWithDebInfo|Win32
		{BE790FD7-0E00-31E0-A122-F8DADDC41E9F}.Debug|Win32.ActiveCfg = Debug|Win32
		{BE790FD7-0E00-31E0-A122-F8DADDC41E9F}.Release|Win32.ActiveCfg = Release|Win32
		{BE790FD7-0E00-31E0-A122-F8DADDC41E9F}.MinSizeRel|Win32.ActiveCfg = MinSizeRel|Win32
		{BE790FD7-0E00-31E0-A122-F8DADDC41E9F}.RelWithDebInfo|Win32.ActiveCfg = RelWithDebInfo|Win32
		{175FE902-EBDB-345C-9A5C-90C0C5F1F488}.Debug|Win32.ActiveCfg = Debug|Win32
		{175FE902-EBDB-345C-9A5C-90C0C5F1F488}.Debug|Win32.Build.0 = Debug|Win32
		{175FE902-EBDB-345C-9A5C-90C0C5F1F488}.Release|Win32.ActiveCfg = Release|Win32
		{175FE902-EBDB-345C-9A5C-90C0C5F1F488}.Release|Win32.Build.0 = Release|Win32
		{175FE902-EBDB-345C-9A5C-90C0C5F1F488}.MinSizeRel|Win32.ActiveCfg = MinSizeRel|Win32
		{175FE902-EBDB-345C-9A5C-90C0C5F1F488}.MinSizeRel|Win32.Build.0 = MinSizeRel|Win32
		{175FE902-EBDB-345C-9A5C-90C0C5F1F488}.RelWithDebInfo|Win32.ActiveCfg = RelWithDebInfo|Win32
		{175FE902-EBDB-345C-9A5C-90C0C5F1F488}.RelWithDebInfo|Win32.Build.0 = RelWithDebInfo|Win32
		{CAAB6409-E16B-3F6A-A6E6-A744F7172A74}.Debug|Win32.ActiveCfg = Debug|Win32
		{CAAB6409-E16B-3F6A-A6E6-A744F7172A74}.Debug|Win32.Build.0 = Debug|Win32
		{CAAB6409-E16B-3F6A-A6E6-A744F7172A74}.Release|Win32.ActiveCfg = Release|Win32
		{CAAB6409-E16B-3F6A-A6E6-A744F7172A74}.Release|Win32.Build.0 = Release|Win32
		{CAAB6409-E16B-3F6A-A6E6-A744F7172A74}.MinSizeRel|Win32.ActiveCfg = MinSizeRel|Win32
		{CAAB6409-E16B-3F6A-A6E6-A744F7172A74}.MinSizeRel|Win32.Build.0 = MinSizeRel|Win32
		{CAAB6409-E16B-3F6A-A6E6-A744F7172A74}.RelWithDebInfo|Win32.ActiveCfg = RelWithDebInfo|Win32
		{CAAB6409-E16B-3F6A-A6E6-A744F7172A74}.RelWithDebInfo|Win32.Build.0 = RelWithDebInfo|Win32
		{F0DC1FB7-02D9-3D94-B7EF-6561A914CA6A}.Debug|Win32.ActiveCfg = Debug|Win32
		{F0DC1FB7-02D9-3D94-B7EF-6561A914CA6A}.Debug|Win32.Build.0 = Debug|Win32
		{F0DC1FB7-02D9-3D94-B7EF-6561A914CA6A}.Release|Win32.ActiveCfg = Release|Win32
		{F0DC1FB7-02D9-3D94-B7EF-6561A914CA6A}.Release|Win32.Build.0 = Release|Win32
		{F0DC1FB7-02D9-3D94-B7EF-6561A914CA6A}.MinSizeRel|Win32.ActiveCfg = MinSizeRel|Win32
		{F0DC1FB7-02D9-3D94-B7EF-6561A914CA6A}.MinSizeRel|Win32.Build.0 = MinSizeRel|Win32
		{F0DC1FB7-02D9-3D94-B7EF-6561A914CA6A}.RelWithDebInfo|Win32.ActiveCfg = RelWithDebInfo|Win32
		{F0DC1FB7-02D9-3D94-B7EF-6561A914CA6A}.RelWithDebInfo|Win32.Build.0 = RelWithDebInfo|Win32
		{AD5D5594-F4D8-31FF-ACDA-D201281D5310}.Debug|Win32.ActiveCfg = Debug|Win32
		{AD5D5594-F4D8-31FF-ACDA-D201281D5310}.Debug|Win32.Build.0 = Debug|Win32
		{AD5D5594-F4D8-31FF-ACDA-D201281D5310}.Release|Win32.ActiveCfg = Release|Win32
		{AD5D5594-F4D8-31FF-ACDA-D201281D5310}.Release|Win32.Build.0 = Release|Win32
		{AD5D5594-F4D8-31FF-ACDA-D201281D5310}.MinSizeRel|Win32.ActiveCfg = MinSizeRel|Win32
		{AD5D5594-F4D8-31FF-ACDA-D201281D5310}.MinSizeRel|Win32.Build.0 = MinSizeRel|Win32
		{AD5D5594-F4D8-31FF-ACDA-D201281D5310}.RelWithDebInfo|Win32.ActiveCfg = RelWithDebInfo|Win32
		{AD5D5594-F4D8-31FF-ACDA-D201281D5310}.RelWithDebInfo|Win32.Build.0 = RelWithDebInfo|Win32
		{618CC974-639E-37F1-AE6C-8E7C3BEE3F93}.Debug|Win32.ActiveCfg = Debug|Win32
		{618CC974-639E-37F1-AE6C-8E7C3BEE3F93}.Debug|Win32.Build.0 = Debug|Win32
		{618CC974-639E-37F1-AE6C-8E7C3BEE3F93}.Release|Win32.ActiveCfg = Release|Win32
		{618CC974-639E-37F1-AE6C-8E7C3BEE3F93}.Release|Win32.Build.0 = Release|Win32
		{618CC974-639E-37F1-AE6C-8E7C3BEE3F93}.MinSizeRel|Win32.ActiveCfg = MinSizeRel|Win32
		{618CC974-639E-37F1-AE6C-8E7C3BEE3F93}.MinSizeRel|Win32.Build.0 = MinSizeRel|Win32
		{618CC974-639E-37F1-AE6C-8E7C3BEE3F93}.RelWithDebInfo|Win32.ActiveCfg = RelWithDebInfo|Win32
		{618CC974-639E-37F1-AE6C-8E7C3BEE3F93}.RelWithDebInfo|Win32.Build.0 = RelWithDebInfo|Win32
		{F94498E3-E65B-3DE1-BBF3-4AF4D5B5D8CC}.Debug|Win32.ActiveCfg = Debug|Win32
		{F94498E3-E65B-3DE1-BBF3-4AF4D5B5D8CC}.Debug|Win32.Build.0 = Debug|Win32
		{F94498E3-E65B-3DE1-BBF3-4AF4D5B5D8CC}.Release|Win32.ActiveCfg = Release|Win32
		{F94498E3-E65B-3DE1-BBF3-4AF4D5B5D8CC}.Release|Win32.Build.0 = Release|Win32
		{F94498E3-E65B-3DE1-BBF3-4AF4D5B5D8CC}.MinSizeRel|Win32.ActiveCfg = MinSizeRel|Win32
		{F94498E3-E65B-3DE1-BBF3-4AF4D5B5D8CC}.MinSizeRel|Win32.Build.0 = MinSizeRel|Win32
		{F94498E3-E65B-3DE1-BBF3-4AF4D5B5D8CC}.RelWithDebInfo|Win32.ActiveCfg = RelWithDebInfo|Win32
		{F94498E3-E65B-3DE1-BBF3-4AF4D5B5D8CC}.RelWithDebInfo|Win32.Build.0 = RelWithDebInfo|Win32
		{29867308-34D9-3885-A88E-81C627AD147F}.Debug|Win32.ActiveCfg = Debug|Win32
		{29867308-34D9-3885-A88E-81C627AD147F}.Debug|Win32.Build.0 = Debug|Win32
		{29867308-34D9-3885-A88E-81C627AD147F}.Release|Win32.ActiveCfg = Release|Win32
		{29867308-34D9-3885-A88E-81C627AD147F}.Release|Win32.Build.0 = Release|Win32
		{29867308-34D9-3885-A88E-81C627AD147F}.MinSizeRel|Win32.ActiveCfg = MinSizeRel|Win32
		{29867308-34D9-3885-A88E-81C627AD147F}.MinSizeRel|Win32.Build.0 = MinSizeRel|Win32
		{29867308-34D9-3885-A88E-81C627AD147F}.RelWithDebInfo|Win32.ActiveCfg = RelWithDebInfo|Win32
		{29867308-34D9-3885-A88E-81C627AD147F}.RelWithDebInfo|Win32.Build.0 = RelWithDebInfo|Win32
		{38495217-07D9-331F-96E3-D77F90A3DE71}.Debug|Win32.ActiveCfg = Debug|Win32
		{38495217-07D9-331F-96E3-D77F90A3DE71}.Debug|Win32.Build.0 = Debug|Win32
		{38495217-07D9-331F-96E3-D77F90A3DE71}.Release|Win32.ActiveCfg = Release|Win32
		{38495217-07D9-331F-96E3-D77F90A3DE71}.Release|Win32.Build.0 = Release|Win32
		{38495217-07D9-331F-96E3-D77F90A3DE71}.MinSizeRel|Win32.ActiveCfg = MinSizeRel|Win32
		{38495217-07D9-331F-96E3-D77F90A3DE71}.MinSizeRel|Win32.Build.0 = MinSizeRel|Win32
		{38495217-07D9-331F-96E3-D77F90A3DE71}.RelWithDebInfo|Win32.ActiveCfg = RelWithDebInfo|Win32
		{38495217-07D9-331F-96E3-D77F90A3DE71}.RelWithDebInfo|Win32.Build.0 = RelWithDebInfo|Win32
		{9D4D3C97-1FD3-33CD-959B-0481659481EE}.Debug|Win32.ActiveCfg = Debug|Win32
		{9D4D3C97-1FD3-33CD-959B-0481659481EE}.Debug|Win32.Build.0 = Debug|Win32
		{9D4D3C97-1FD3-33CD-959B-0481659481EE}.Release|Win32.ActiveCfg = Release|Win32
		{9D4D3C97-1FD3-33CD-959B-0481659481EE}.Release|Win32.Build.0 = Release|Win32
		{9D4D3C97-1FD3-33CD-959B-0481659481EE}.MinSizeRel|Win32.ActiveCfg = MinSizeRel|Win32
		{9D4D3C97-1FD3-33CD-959B-0481659481EE}.MinSizeRel|Win32.Build.0 = MinSizeRel|Win32
		{9D4D3C97-1FD3-33CD-959B-0481659481EE}.RelWithDebInfo|Win32.ActiveCfg = RelWithDebInfo|Win32
		{9D4D3C97-1FD3-33CD-959B-0481659481EE}.RelWithDebInfo|Win32.Build.0 = RelWithDebInfo|Win32
		{85291366-EAFF-3979-91AD-25E0FAE9C9CE}.Debug|Win32.ActiveCfg = Debug|Win32
		{85291366-EAFF-3979-91AD-25E0FAE9C9CE}.Debug|Win32.Build.0 = Debug|Win32
		{85291366-EAFF-3979-91AD-25E0FAE9C9CE}.Release|Win32.ActiveCfg = Release|Win32
		{85291366-EAFF-3979-91AD-25E0FAE9C9CE}.Release|Win32.Build.0 = Release|Win32
		{85291366-EAFF-3979-91AD-25E0FAE9C9CE}.MinSizeRel|Win32.ActiveCfg = MinSizeRel|Win32
		{85291366-EAFF-3979-91AD-25E0FAE9C9CE}.MinSizeRel|Win32.Build.0 = MinSizeRel|Win32
		{85291366-EAFF-3979-91AD-25E0FAE9C9CE}.RelWithDebInfo|Win32.ActiveCfg = RelWithDebInfo|Win32
		{85291366-EAFF-3979-91AD-25E0FAE9C9CE}.RelWithDebInfo|Win32.Build.0 = RelWithDebInfo|Win32
		{BD43954D-B85F-3F2D-B6D2-2241DC9B3B17}.Debug|Win32.ActiveCfg = Debug|Win32
		{BD43954D-B85F-3F2D-B6D2-2241DC9B3B17}.Debug|Win32.Build.0 = Debug|Win32
		{BD43954D-B85F-3F2D-B6D2-2241DC9B3B17}.Release|Win32.ActiveCfg = Release|Win32
		{BD43954D-B85F-3F2D-B6D2-2241DC9B3B17}.Release|Win32.Build.0 = Release|Win32
		{BD43954D-B85F-3F2D-B6D2-2241DC9B3B17}.MinSizeRel|Win32.ActiveCfg = MinSizeRel|Win32
		{BD43954D-B85F-3F2D-B6D2-2241DC9B3B17}.MinSizeRel|Win32.Build.0 = MinSizeRel|Win32
		{BD43954D-B85F-3F2D-B6D2-2241DC9B3B17}.RelWithDebInfo|Win32.ActiveCfg = RelWithDebInfo|Win32
		{BD43954D-B85F-3F2D-B6D2-2241DC9B3B17}.RelWithDebInfo|Win32.Build.0 = RelWithDebInfo|Win32
		{A8AAC579-9987-3C11-ACEF-137C3A0164E4}.Debug|Win32.ActiveCfg = Debug|Win32
		{A8AAC579-9987-3C11-ACEF-137C3A0164E4}.Debug|Win32.Build.0 = Debug|Win32
		{A8AAC579-9987-3C11-ACEF-137C3A0164E4}.Release|Win32.ActiveCfg = Release|Win32
		{A8AAC579-9987-3C11-ACEF-137C3A0164E4}.Release|Win32.Build.0 = Release|Win32
		{A8AAC579-9987-3C11-ACEF-137C3A0164E4}.MinSizeRel|Win32.ActiveCfg = MinSizeRel|Win32
		{A8AAC579-9987-3C11-ACEF-137C3A0164E4}.MinSizeRel|Win32.Build.0 = MinSizeRel|Win32
		{A8AAC579-9987-3C11-ACEF-137C3A0164E4}.RelWithDebInfo|Win32.ActiveCfg = RelWithDebInfo|Win32
		{A8AAC579-9987-3C11-ACEF-137C3A0164E4}.RelWithDebInfo|Win32.Build.0 = RelWithDebInfo|Win32
		{97A125E7-1A60-3688-B653-F84F1AA605B7}.Debug|Win32.ActiveCfg = Debug|Win32
		{97A125E7-1A60-3688-B653-F84F1AA605B7}.Debug|Win32.Build.0 = Debug|Win32
		{97A125E7-1A60-3688-B653-F84F1AA605B7}.Release|Win32.ActiveCfg = Release|Win32
		{97A125E7-1A60-3688-B653-F84F1AA605B7}.Release|Win32.Build.0 = Release|Win32
		{97A125E7-1A60-3688-B653-F84F1AA605B7}.MinSizeRel|Win32.ActiveCfg = MinSizeRel|Win32
		{97A125E7-1A60-3688-B653-F84F1AA605B7}.MinSizeRel|Win32.Build.0 = MinSizeRel|Win32
		{97A125E7-1A60-3688-B653-F84F1AA605B7}.RelWithDebInfo|Win32.ActiveCfg = RelWithDebInfo|Win32
		{97A125E7-1A60-3688-B653-F84F1AA605B7}.RelWithDebInfo|Win32.Build.0 = RelWithDebInfo|Win32
		{F451C169-9DAF-33C9-9C3F-1F5989E6BE70}.Debug|Win32.ActiveCfg = Debug|Win32
		{F451C169-9DAF-33C9-9C3F-1F5989E6BE70}.Debug|Win32.Build.0 = Debug|Win32
		{F451C169-9DAF-33C9-9C3F-1F5989E6BE70}.Release|Win32.ActiveCfg = Release|Win32
		{F451C169-9DAF-33C9-9C3F-1F5989E6BE70}.Release|Win32.Build.0 = Release|Win32
		{F451C169-9DAF-33C9-9C3F-1F5989E6BE70}.MinSizeRel|Win32.ActiveCfg = MinSizeRel|Win32
		{F451C169-9DAF-33C9-9C3F-1F5989E6BE70}.MinSizeRel|Win32.Build.0 = MinSizeRel|Win32
		{F451C169-9DAF-33C9-9C3F-1F5989E6BE70}.RelWithDebInfo|Win32.ActiveCfg = RelWithDebInfo|Win32
		{F451C169-9DAF-33C9-9C3F-1F5989E6BE70}.RelWithDebInfo|Win32.Build.0 = RelWithDebInfo|Win32
		{29E939C8-CF74-3DC2-9F6D-7D407B309A90}.Debug|Win32.ActiveCfg = Debug|Win32
		{29E939C8-CF74-3DC2-9F6D-7D407B309A90}.Debug|Win32.Build.0 = Debug|Win32
		{29E939C8-CF74-3DC2-9F6D-7D407B309A90}.Release|Win32.ActiveCfg = Release|Win32
		{29E939C8-CF74-3DC2-9F6D-7D407B309A90}.Release|Win32.Build.0 = Release|Win32
		{29E939C8-CF74-3DC2-9F6D-7D407B309A90}.MinSizeRel|Win32.ActiveCfg = MinSizeRel|Win32
		{29E939C8-CF74-3DC2-9F6D-7D407B309A90}.MinSizeRel|Win32.Build.0 = MinSizeRel|Win32
		{29E939C8-CF74-3DC2-9F6D-7D407B309A90}.RelWithDebInfo|Win32.ActiveCfg = RelWithDebInfo|Win32
		{29E939C8-CF74-3DC2-9F6D-7D407B309A90}.RelWithDebInfo|Win32.Build.0 = RelWithDebInfo|Win32
		{B4111954-A1F3-31D4-A7E9-93F3F19C8058}.Debug|Win32.ActiveCfg = Debug|Win32
		{B4111954-A1F3-31D4-A7E9-93F3F19C8058}.Debug|Win32.Build.0 = Debug|Win32
		{B4111954-A1F3-31D4-A7E9-93F3F19C8058}.Release|Win32.ActiveCfg = Release|Win32
		{B4111954-A1F3-31D4-A7E9-93F3F19C8058}.Release|Win32.Build.0 = Release|Win32
		{B4111954-A1F3-31D4-A7E9-93F3F19C8058}.MinSizeRel|Win32.ActiveCfg = MinSizeRel|Win32
		{B4111954-A1F3-31D4-A7E9-93F3F19C8058}.MinSizeRel|Win32.Build.0 = MinSizeRel|Win32
		{B4111954-A1F3-31D4-A7E9-93F3F19C8058}.RelWithDebInfo|Win32.ActiveCfg = RelWithDebInfo|Win32
		{B4111954-A1F3-31D4-A7E9-93F3F19C8058}.RelWithDebInfo|Win32.Build.0 = RelWithDebInfo|Win32
		{417E9B58-F871-3994-9666-DF1B44036EBC}.Debug|Win32.ActiveCfg = Debug|Win32
		{417E9B58-F871-3994-9666-DF1B44036EBC}.Debug|Win32.Build.0 = Debug|Win32
		{417E9B58-F871-3994-9666-DF1B44036EBC}.Release|Win32.ActiveCfg = Release|Win32
		{417E9B58-F871-3994-9666-DF1B44036EBC}.Release|Win32.Build.0 = Release|Win32
		{417E9B58-F871-3994-9666-DF1B44036EBC}.MinSizeRel|Win32.ActiveCfg = MinSizeRel|Win32
		{417E9B58-F871-3994-9666-DF1B44036EBC}.MinSizeRel|Win32.Build.0 = MinSizeRel|Win32
		{417E9B58-F871-3994-9666-DF1B44036EBC}.RelWithDebInfo|Win32.ActiveCfg = RelWithDebInfo|Win32
		{417E9B58-F871-3994-9666-DF1B44036EBC}.RelWithDebInfo|Win32.Build.0 = RelWithDebInfo|Win32
		{C4060ABE-BC1B-3B9E-B416-E7583E31B87F}.Debug|Win32.ActiveCfg = Debug|Win32
		{C4060ABE-BC1B-3B9E-B416-E7583E31B87F}.Debug|Win32.Build.0 = Debug|Win32
		{C4060ABE-BC1B-3B9E-B416-E7583E31B87F}.Release|Win32.ActiveCfg = Release|Win32
		{C4060ABE-BC1B-3B9E-B416-E7583E31B87F}.Release|Win32.Build.0 = Release|Win32
		{C4060ABE-BC1B-3B9E-B416-E7583E31B87F}.MinSizeRel|Win32.ActiveCfg = MinSizeRel|Win32
		{C4060ABE-BC1B-3B9E-B416-E7583E31B87F}.MinSizeRel|Win32.Build.0 = MinSizeRel|Win32
		{C4060ABE-BC1B-3B9E-B416-E7583E31B87F}.RelWithDebInfo|Win32.ActiveCfg = RelWithDebInfo|Win32
		{C4060ABE-BC1B-3B9E-B416-E7583E31B87F}.RelWithDebInfo|Win32.Build.0 = RelWithDebInfo|Win32
		{F1E0D7EF-C886-3085-A621-6252F4D3CABC}.Debug|Win32.ActiveCfg = Debug|Win32
		{F1E0D7EF-C886-3085-A621-6252F4D3CABC}.Debug|Win32.Build.0 = Debug|Win32
		{F1E0D7EF-C886-3085-A621-6252F4D3CABC}.Release|Win32.ActiveCfg = Release|Win32
		{F1E0D7EF-C886-3085-A621-6252F4D3CABC}.Release|Win32.Build.0 = Release|Win32
		{F1E0D7EF-C886-3085-A621-6252F4D3CABC}.MinSizeRel|Win32.ActiveCfg = MinSizeRel|Win32
		{F1E0D7EF-C886-3085-A621-6252F4D3CABC}.MinSizeRel|Win32.Build.0 = MinSizeRel|Win32
		{F1E0D7EF-C886-3085-A621-6252F4D3CABC}.RelWithDebInfo|Win32.ActiveCfg = RelWithDebInfo|Win32
		{F1E0D7EF-C886-3085-A621-6252F4D3CABC}.RelWithDebInfo|Win32.Build.0 = RelWithDebInfo|Win32
		{A78219AF-19F9-3BF0-85C5-98B877C3ECB1}.Debug|Win32.ActiveCfg = Debug|Win32
		{A78219AF-19F9-3BF0-85C5-98B877C3ECB1}.Debug|Win32.Build.0 = Debug|Win32
		{A78219AF-19F9-3BF0-85C5-98B877C3ECB1}.Release|Win32.ActiveCfg = Release|Win32
		{A78219AF-19F9-3BF0-85C5-98B877C3ECB1}.Release|Win32.Build.0 = Release|Win32
		{A78219AF-19F9-3BF0-85C5-98B877C3ECB1}.MinSizeRel|Win32.ActiveCfg = MinSizeRel|Win32
		{A78219AF-19F9-3BF0-85C5-98B877C3ECB1}.MinSizeRel|Win32.Build.0 = MinSizeRel|Win32
		{A78219AF-19F9-3BF0-85C5-98B877C3ECB1}.RelWithDebInfo|Win32.ActiveCfg = RelWithDebInfo|Win32
		{A78219AF-19F9-3BF0-85C5-98B877C3ECB1}.RelWithDebInfo|Win32.Build.0 = RelWithDebInfo|Win32
		{461406C5-FBD7-34C1-9BE3-6636A6E7988C}.Debug|Win32.ActiveCfg = Debug|Win32
		{461406C5-FBD7-34C1-9BE3-6636A6E7988C}.Debug|Win32.Build.0 = Debug|Win32
		{461406C5-FBD7-34C1-9BE3-6636A6E7988C}.Release|Win32.ActiveCfg = Release|Win32
		{461406C5-FBD7-34C1-9BE3-6636A6E7988C}.Release|Win32.Build.0 = Release|Win32
		{461406C5-FBD7-34C1-9BE3-6636A6E7988C}.MinSizeRel|Win32.ActiveCfg = MinSizeRel|Win32
		{461406C5-FBD7-34C1-9BE3-6636A6E7988C}.MinSizeRel|Win32.Build.0 = MinSizeRel|Win32
		{461406C5-FBD7-34C1-9BE3-6636A6E7988C}.RelWithDebInfo|Win32.ActiveCfg = RelWithDebInfo|Win32
		{461406C5-FBD7-34C1-9BE3-6636A6E7988C}.RelWithDebInfo|Win32.Build.0 = RelWithDebInfo|Win32
		{38136865-61B9-3CA3-8078-2D9EFA6AB033}.Debug|Win32.ActiveCfg = Debug|Win32
		{38136865-61B9-3CA3-8078-2D9EFA6AB033}.Debug|Win32.Build.0 = Debug|Win32
		{38136865-61B9-3CA3-8078-2D9EFA6AB033}.Release|Win32.ActiveCfg = Release|Win32
		{38136865-61B9-3CA3-8078-2D9EFA6AB033}.Release|Win32.Build.0 = Release|Win32
		{38136865-61B9-3CA3-8078-2D9EFA6AB033}.MinSizeRel|Win32.ActiveCfg = MinSizeRel|Win32
		{38136865-61B9-3CA3-8078-2D9EFA6AB033}.MinSizeRel|Win32.Build.0 = MinSizeRel|Win32
		{38136865-61B9-3CA3-8078-2D9EFA6AB033}.RelWithDebInfo|Win32.ActiveCfg = RelWithDebInfo|Win32
		{38136865-61B9-3CA3-8078-2D9EFA6AB033}.RelWithDebInfo|Win32.Build.0 = RelWithDebInfo|Win32
		{47ED3086-CF58-3B86-BDB1-37E6A20558BD}.Debug|Win32.ActiveCfg = Debug|Win32
		{47ED3086-CF58-3B86-BDB1-37E6A20558BD}.Debug|Win32.Build.0 = Debug|Win32
		{47ED3086-CF58-3B86-BDB1-37E6A20558BD}.Release|Win32.ActiveCfg = Release|Win32
		{47ED3086-CF58-3B86-BDB1-37E6A20558BD}.Release|Win32.Build.0 = Release|Win32
		{47ED3086-CF58-3B86-BDB1-37E6A20558BD}.MinSizeRel|Win32.ActiveCfg = MinSizeRel|Win32
		{47ED3086-CF58-3B86-BDB1-37E6A20558BD}.MinSizeRel|Win32.Build.0 = MinSizeRel|Win32
		{47ED3086-CF58-3B86-BDB1-37E6A20558BD}.RelWithDebInfo|Win32.ActiveCfg = RelWithDebInfo|Win32
		{47ED3086-CF58-3B86-BDB1-37E6A20558BD}.RelWithDebInfo|Win32.Build.0 = RelWithDebInfo|Win32
		{C3E476E3-9732-3B23-8282-1E7280882A8B}.Debug|Win32.ActiveCfg = Debug|Win32
		{C3E476E3-9732-3B23-8282-1E7280882A8B}.Debug|Win32.Build.0 = Debug|Win32
		{C3E476E3-9732-3B23-8282-1E7280882A8B}.Release|Win32.ActiveCfg = Release|Win32
		{C3E476E3-9732-3B23-8282-1E7280882A8B}.Release|Win32.Build.0 = Release|Win32
		{C3E476E3-9732-3B23-8282-1E7280882A8B}.MinSizeRel|Win32.ActiveCfg = MinSizeRel|Win32
		{C3E476E3-9732-3B23-8282-1E7280882A8B}.MinSizeRel|Win32.Build.0 = MinSizeRel|Win32
		{C3E476E3-9732-3B23-8282-1E7280882A8B}.RelWithDebInfo|Win32.ActiveCfg = RelWithDebInfo|Win32
		{C3E476E3-9732-3B23-8282-1E7280882A8B}.RelWithDebInfo|Win32.Build.0 = RelWithDebInfo|Win32
		{AEA8F108-4935-3770-B518-C080BB04A606}.Debug|Win32.ActiveCfg = Debug|Win32
		{AEA8F108-4935-3770-B518-C080BB04A606}.Debug|Win32.Build.0 = Debug|Win32
		{AEA8F108-4935-3770-B518-C080BB04A606}.Release|Win32.ActiveCfg = Release|Win32
		{AEA8F108-4935-3770-B518-C080BB04A606}.Release|Win32.Build.0 = Release|Win32
		{AEA8F108-4935-3770-B518-C080BB04A606}.MinSizeRel|Win32.ActiveCfg = MinSizeRel|Win32
		{AEA8F108-4935-3770-B518-C080BB04A606}.MinSizeRel|Win32.Build.0 = MinSizeRel|Win32
		{AEA8F108-4935-3770-B518-C080BB04A606}.RelWithDebInfo|Win32.ActiveCfg = RelWithDebInfo|Win32
		{AEA8F108-4935-3770-B518-C080BB04A606}.RelWithDebInfo|Win32.Build.0 = RelWithDebInfo|Win32
		{03F1FC9E-BE06-3FAF-8D37-19736AED2C01}.Debug|Win32.ActiveCfg = Debug|Win32
		{03F1FC9E-BE06-3FAF-8D37-19736AED2C01}.Release|Win32.ActiveCfg = Release|Win32
		{03F1FC9E-BE06-3FAF-8D37-19736AED2C01}.MinSizeRel|Win32.ActiveCfg = MinSizeRel|Win32
		{03F1FC9E-BE06-3FAF-8D37-19736AED2C01}.RelWithDebInfo|Win32.ActiveCfg = RelWithDebInfo|Win32
		{3DBE52B5-7DDF-3720-955E-BC1EB2038065}.Debug|Win32.ActiveCfg = Debug|Win32
		{3DBE52B5-7DDF-3720-955E-BC1EB2038065}.Debug|Win32.Build.0 = Debug|Win32
		{3DBE52B5-7DDF-3720-955E-BC1EB2038065}.Release|Win32.ActiveCfg = Release|Win32
		{3DBE52B5-7DDF-3720-955E-BC1EB2038065}.Release|Win32.Build.0 = Release|Win32
		{3DBE52B5-7DDF-3720-955E-BC1EB2038065}.MinSizeRel|Win32.ActiveCfg = MinSizeRel|Win32
		{3DBE52B5-7DDF-3720-955E-BC1EB2038065}.MinSizeRel|Win32.Build.0 = MinSizeRel|Win32
		{3DBE52B5-7DDF-3720-955E-BC1EB2038065}.RelWithDebInfo|Win32.ActiveCfg = RelWithDebInfo|Win32
		{3DBE52B5-7DDF-3720-955E-BC1EB2038065}.RelWithDebInfo|Win32.Build.0 = RelWithDebInfo|Win32
		{5B77C3CE-5DE8-34F3-BC52-DD4953682D0C}.Debug|Win32.ActiveCfg = Debug|Win32
		{5B77C3CE-5DE8-34F3-BC52-DD4953682D0C}.Debug|Win32.Build.0 = Debug|Win32
		{5B77C3CE-5DE8-34F3-BC52-DD4953682D0C}.Release|Win32.ActiveCfg = Release|Win32
		{5B77C3CE-5DE8-34F3-BC52-DD4953682D0C}.Release|Win32.Build.0 = Release|Win32
		{5B77C3CE-5DE8-34F3-BC52-DD4953682D0C}.MinSizeRel|Win32.ActiveCfg = MinSizeRel|Win32
		{5B77C3CE-5DE8-34F3-BC52-DD4953682D0C}.MinSizeRel|Win32.Build.0 = MinSizeRel|Win32
		{5B77C3CE-5DE8-34F3-BC52-DD4953682D0C}.RelWithDebInfo|Win32.ActiveCfg = RelWithDebInfo|Win32
		{5B77C3CE-5DE8-34F3-BC52-DD4953682D0C}.RelWithDebInfo|Win32.Build.0 = RelWithDebInfo|Win32
	EndGlobalSection
	GlobalSection(NestedProjects) = preSolution
		{C1C8FC1B-14EF-3727-8120-F831BECFAAD5} = {3CAF0871-E8F2-35D5-9E11-0044F79D1E1B}
		{BE790FD7-0E00-31E0-A122-F8DADDC41E9F} = {3CAF0871-E8F2-35D5-9E11-0044F79D1E1B}
		{175FE902-EBDB-345C-9A5C-90C0C5F1F488} = {3CAF0871-E8F2-35D5-9E11-0044F79D1E1B}
		{1724B51B-E692-31C7-B86C-86D78C8E7D8A} = {28300266-288B-3C62-AD8D-1D09FF8C4668}
		{47495F3F-CE19-3994-AC01-D8B697A7D971} = {28300266-288B-3C62-AD8D-1D09FF8C4668}
		{9D4D3C97-1FD3-33CD-959B-0481659481EE} = {28300266-288B-3C62-AD8D-1D09FF8C4668}
		{CAAB6409-E16B-3F6A-A6E6-A744F7172A74} = {1724B51B-E692-31C7-B86C-86D78C8E7D8A}
		{38495217-07D9-331F-96E3-D77F90A3DE71} = {1724B51B-E692-31C7-B86C-86D78C8E7D8A}
		{BD43954D-B85F-3F2D-B6D2-2241DC9B3B17} = {1724B51B-E692-31C7-B86C-86D78C8E7D8A}
		{417E9B58-F871-3994-9666-DF1B44036EBC} = {1724B51B-E692-31C7-B86C-86D78C8E7D8A}
		{A78219AF-19F9-3BF0-85C5-98B877C3ECB1} = {1724B51B-E692-31C7-B86C-86D78C8E7D8A}
		{461406C5-FBD7-34C1-9BE3-6636A6E7988C} = {1724B51B-E692-31C7-B86C-86D78C8E7D8A}
		{3DBE52B5-7DDF-3720-955E-BC1EB2038065} = {1724B51B-E692-31C7-B86C-86D78C8E7D8A}
		{F0DC1FB7-02D9-3D94-B7EF-6561A914CA6A} = {47495F3F-CE19-3994-AC01-D8B697A7D971}
		{AD5D5594-F4D8-31FF-ACDA-D201281D5310} = {47495F3F-CE19-3994-AC01-D8B697A7D971}
		{618CC974-639E-37F1-AE6C-8E7C3BEE3F93} = {47495F3F-CE19-3994-AC01-D8B697A7D971}
		{F94498E3-E65B-3DE1-BBF3-4AF4D5B5D8CC} = {47495F3F-CE19-3994-AC01-D8B697A7D971}
		{29867308-34D9-3885-A88E-81C627AD147F} = {47495F3F-CE19-3994-AC01-D8B697A7D971}
		{85291366-EAFF-3979-91AD-25E0FAE9C9CE} = {47495F3F-CE19-3994-AC01-D8B697A7D971}
		{A8AAC579-9987-3C11-ACEF-137C3A0164E4} = {47495F3F-CE19-3994-AC01-D8B697A7D971}
		{97A125E7-1A60-3688-B653-F84F1AA605B7} = {47495F3F-CE19-3994-AC01-D8B697A7D971}
		{F451C169-9DAF-33C9-9C3F-1F5989E6BE70} = {47495F3F-CE19-3994-AC01-D8B697A7D971}
		{29E939C8-CF74-3DC2-9F6D-7D407B309A90} = {47495F3F-CE19-3994-AC01-D8B697A7D971}
		{B4111954-A1F3-31D4-A7E9-93F3F19C8058} = {47495F3F-CE19-3994-AC01-D8B697A7D971}
		{C4060ABE-BC1B-3B9E-B416-E7583E31B87F} = {47495F3F-CE19-3994-AC01-D8B697A7D971}
		{F1E0D7EF-C886-3085-A621-6252F4D3CABC} = {47495F3F-CE19-3994-AC01-D8B697A7D971}
		{38136865-61B9-3CA3-8078-2D9EFA6AB033} = {47495F3F-CE19-3994-AC01-D8B697A7D971}
		{47ED3086-CF58-3B86-BDB1-37E6A20558BD} = {47495F3F-CE19-3994-AC01-D8B697A7D971}
		{C3E476E3-9732-3B23-8282-1E7280882A8B} = {47495F3F-CE19-3994-AC01-D8B697A7D971}
		{AEA8F108-4935-3770-B518-C080BB04A606} = {47495F3F-CE19-3994-AC01-D8B697A7D971}
		{5B77C3CE-5DE8-34F3-BC52-DD4953682D0C} = {47495F3F-CE19-3994-AC01-D8B697A7D971}
	EndGlobalSection
	GlobalSection(ExtensibilityGlobals) = postSolution
		SolutionGuid = {73EADA35-64A1-30BD-BF4D-77591D363E4D}
	EndGlobalSection
	GlobalSection(ExtensibilityAddIns) = postSolution
	EndGlobalSection
EndGlobal
