<?xml version="1.0" encoding="utf-8"?>
<Project ToolsVersion="12.0" xmlns="http://schemas.microsoft.com/developer/msbuild/2003">
  <ItemGroup>
    <ClCompile Include="D:\MyProgramme\OpenGL\glfw-3.2.1\tests\events.c">
      <Filter>Source Files</Filter>
    </ClCompile>
    <ClCompile Include="D:\MyProgramme\OpenGL\glfw-3.2.1\deps\getopt.c">
      <Filter>Source Files</Filter>
    </ClCompile>
    <ClCompile Include="D:\MyProgramme\OpenGL\glfw-3.2.1\deps\glad.c">
      <Filter>Source Files</Filter>
    </ClCompile>
  </ItemGroup>
  <ItemGroup>
    <ClInclude Include="D:\MyProgramme\OpenGL\glfw-3.2.1\deps\getopt.h">
      <Filter>Header Files</Filter>
    </ClInclude>
    <ClInclude Include="D:\MyProgramme\OpenGL\glfw-3.2.1\deps\glad\glad.h">
      <Filter>Header Files</Filter>
    </ClInclude>
  </ItemGroup>
  <ItemGroup>
    <CustomBuild Include="D:\MyProgramme\OpenGL\glfw-3.2.1\tests\CMakeLists.txt" />
  </ItemGroup>
  <ItemGroup>
    <Filter Include="Header Files">
      <UniqueIdentifier>{6985FD7B-C081-31FB-A735-3654EF405E75}</UniqueIdentifier>
    </Filter>
    <Filter Include="Source Files">
      <UniqueIdentifier>{0D621E8F-9C38-3862-A45A-2A811835DDC2}</UniqueIdentifier>
    </Filter>
  </ItemGroup>
</Project>
